{
  "version": 4,
  "terraform_version": "1.9.8",
  "serial": 19,
  "lineage": "4d03dbbe-f10b-b09b-22e1-ddb2c870a61b",
  "outputs": {
    "network_id": {
      "value": "15495a10-dca8-447b-82fe-a6a90a47df03",
      "type": "string"
    },
    "vm1_id": {
      "value": "626c0935-662a-4a6b-ac2b-1ffa765ecc03",
      "type": "string"
    },
    "vm2_id": {
      "value": "5a82809a-4dff-4efc-81bb-a66c2e88a571",
      "type": "string"
    }
  },
  "resources": [
    {
      "mode": "managed",
      "type": "cloudstack_instance",
      "name": "vm1",
      "provider": "provider[\"registry.terraform.io/cloudstack/cloudstack\"]",
      "instances": [
        {
          "schema_version": 0,
          "attributes": {
            "affinity_group_ids": null,
            "affinity_group_names": null,
            "details": null,
            "display_name": "Linux VM 1",
            "expunge": true,
            "group": "",
            "id": "626c0935-662a-4a6b-ac2b-1ffa765ecc03",
            "ip_address": "10.1.36.100",
            "keypair": "tuttas",
            "name": "linux-vm1",
            "network_id": "15495a10-dca8-447b-82fe-a6a90a47df03",
            "project": "",
            "root_disk_size": 20,
            "security_group_ids": null,
            "security_group_names": null,
            "service_offering": "Big Instance",
            "start_vm": true,
            "tags": {},
            "template": "31bc6dd9-872a-44e1-af24-6595dda9140e",
            "user_data": "f2b99716d668af3d62db8255d55055a2b11fddea",
            "zone": "a4848bf1-b2d1-4b39-97e3-72106df81f09"
          },
          "sensitive_attributes": [],
          "private": "bnVsbA==",
          "dependencies": [
            "cloudstack_network.vlan_network",
            "cloudstack_template.template1"
          ]
        }
      ]
    },
    {
      "mode": "managed",
      "type": "cloudstack_instance",
      "name": "vm2",
      "provider": "provider[\"registry.terraform.io/cloudstack/cloudstack\"]",
      "instances": [
        {
          "schema_version": 0,
          "attributes": {
            "affinity_group_ids": null,
            "affinity_group_names": null,
            "details": null,
            "display_name": "Linux VM 2",
            "expunge": true,
            "group": "",
            "id": "5a82809a-4dff-4efc-81bb-a66c2e88a571",
            "ip_address": "10.1.36.101",
            "keypair": "tuttas",
            "name": "linux-vm2",
            "network_id": "15495a10-dca8-447b-82fe-a6a90a47df03",
            "project": "",
            "root_disk_size": 20,
            "security_group_ids": null,
            "security_group_names": null,
            "service_offering": "Big Instance",
            "start_vm": true,
            "tags": {},
            "template": "31bc6dd9-872a-44e1-af24-6595dda9140e",
            "user_data": "f2b99716d668af3d62db8255d55055a2b11fddea",
            "zone": "a4848bf1-b2d1-4b39-97e3-72106df81f09"
          },
          "sensitive_attributes": [],
          "private": "bnVsbA==",
          "dependencies": [
            "cloudstack_network.vlan_network",
            "cloudstack_template.template1"
          ]
        }
      ]
    },
    {
      "mode": "managed",
      "type": "cloudstack_network",
      "name": "vlan_network",
      "provider": "provider[\"registry.terraform.io/cloudstack/cloudstack\"]",
      "instances": [
        {
          "schema_version": 0,
          "attributes": {
            "acl_id": "none",
            "cidr": "10.1.36.0/24",
            "display_text": "VLAN Network for Linux VMs",
            "endip": null,
            "gateway": "10.1.36.1",
            "id": "15495a10-dca8-447b-82fe-a6a90a47df03",
            "name": "VLAN-Network",
            "network_domain": "cs1cloud.internal",
            "network_offering": "a1d37c0a-c84b-44b3-99d2-92c872b9e11a",
            "project": "",
            "source_nat_ip": null,
            "source_nat_ip_id": null,
            "startip": null,
            "tags": {},
            "vlan": 250,
            "vpc_id": "",
            "zone": "a4848bf1-b2d1-4b39-97e3-72106df81f09"
          },
          "sensitive_attributes": []
        }
      ]
    },
    {
      "mode": "managed",
      "type": "cloudstack_template",
      "name": "template1",
      "provider": "provider[\"registry.terraform.io/cloudstack/cloudstack\"]",
      "instances": [
        {
          "schema_version": 0,
          "attributes": {
            "display_text": "TuttasTemplate",
            "format": "QCOW2",
            "hypervisor": "KVM",
            "id": "31bc6dd9-872a-44e1-af24-6595dda9140e",
            "is_dynamically_scalable": false,
            "is_extractable": false,
            "is_featured": false,
            "is_public": false,
            "is_ready": true,
            "is_ready_timeout": 300,
            "name": "TuttasTemplate",
            "os_type": "Ubuntu 18.04 LTS",
            "password_enabled": true,
            "project": "",
            "tags": {},
            "url": "http://dl.openvm.eu/cloudstack/ubuntu/x86_64/ubuntu-18.04-kvm.qcow2.bz2",
            "zone": "a4848bf1-b2d1-4b39-97e3-72106df81f09"
          },
          "sensitive_attributes": [],
          "private": "bnVsbA=="
        }
      ]
    }
  ],
  "check_results": null
}
