{
  "version": 4,
  "terraform_version": "1.9.8",
  "serial": 24,
  "lineage": "4d03dbbe-f10b-b09b-22e1-ddb2c870a61b",
  "outputs": {},
  "resources": [
    {
      "mode": "managed",
      "type": "cloudstack_network",
      "name": "vlan_network",
      "provider": "provider[\"registry.terraform.io/cloudstack/cloudstack\"]",
      "instances": [
        {
          "schema_version": 0,
          "attributes": {
            "acl_id": "none",
            "cidr": "10.1.36.0/24",
            "display_text": "VLAN Network for Linux VMs",
            "endip": null,
            "gateway": "10.1.36.1",
            "id": "15495a10-dca8-447b-82fe-a6a90a47df03",
            "name": "VLAN-Network",
            "network_domain": "cs1cloud.internal",
            "network_offering": "a1d37c0a-c84b-44b3-99d2-92c872b9e11a",
            "project": "",
            "source_nat_ip": null,
            "source_nat_ip_id": null,
            "startip": null,
            "tags": {},
            "vlan": 250,
            "vpc_id": "",
            "zone": "a4848bf1-b2d1-4b39-97e3-72106df81f09"
          },
          "sensitive_attributes": []
        }
      ]
    }
  ],
  "check_results": null
}
