{
  "version": 4,
  "terraform_version": "1.9.8",
  "serial": 12,
  "lineage": "f90a9f36-0d46-535a-7713-8635fd5a70d4",
  "outputs": {
    "vm1_id": {
      "value": "cb5397b6-17b3-4aec-bd79-e82b1fb6342d",
      "type": "string"
    },
    "vm2_id": {
      "value": "6934ae64-5395-4697-91a4-3c54c5ff0378",
      "type": "string"
    }
  },
  "resources": [
    {
      "mode": "managed",
      "type": "cloudstack_instance",
      "name": "vm1",
      "provider": "provider[\"registry.terraform.io/cloudstack/cloudstack\"]",
      "instances": [
        {
          "schema_version": 0,
          "attributes": {
            "affinity_group_ids": null,
            "affinity_group_names": null,
            "details": null,
            "display_name": "Linux VM 1",
            "expunge": false,
            "group": "",
            "id": "cb5397b6-17b3-4aec-bd79-e82b1fb6342d",
            "ip_address": "10.1.1.159",
            "keypair": null,
            "name": "linux-vm1",
            "network_id": "01c1772d-e131-430c-baef-c4e201d5642f",
            "project": "",
            "root_disk_size": 20,
            "security_group_ids": null,
            "security_group_names": null,
            "service_offering": "Big Instance",
            "start_vm": true,
            "tags": {},
            "template": "5bfa057a-91dd-11ef-bd59-46e70d67c9bd",
            "user_data": null,
            "zone": "a4848bf1-b2d1-4b39-97e3-72106df81f09"
          },
          "sensitive_attributes": [],
          "private": "bnVsbA=="
        }
      ]
    },
    {
      "mode": "managed",
      "type": "cloudstack_instance",
      "name": "vm2",
      "provider": "provider[\"registry.terraform.io/cloudstack/cloudstack\"]",
      "instances": [
        {
          "schema_version": 0,
          "attributes": {
            "affinity_group_ids": null,
            "affinity_group_names": null,
            "details": null,
            "display_name": "Linux VM 2",
            "expunge": false,
            "group": "",
            "id": "6934ae64-5395-4697-91a4-3c54c5ff0378",
            "ip_address": "10.1.1.86",
            "keypair": null,
            "name": "linux-vm2",
            "network_id": "cb8ae252-1688-4f68-bdc1-95c65bc50758",
            "project": "",
            "root_disk_size": 20,
            "security_group_ids": null,
            "security_group_names": null,
            "service_offering": "Big Instance",
            "start_vm": true,
            "tags": {},
            "template": "5bfa057a-91dd-11ef-bd59-46e70d67c9bd",
            "user_data": null,
            "zone": "a4848bf1-b2d1-4b39-97e3-72106df81f09"
          },
          "sensitive_attributes": [],
          "private": "bnVsbA=="
        }
      ]
    }
  ],
  "check_results": null
}
