{
  "version": 4,
  "terraform_version": "1.5.3",
  "serial": 6,
  "lineage": "71381406-618f-1f6d-5859-1cc052429a15",
  "outputs": {},
  "resources": [
    {
      "mode": "managed",
      "type": "cloudstack_instance",
      "name": "vm1",
      "provider": "provider[\"registry.terraform.io/cloudstack/cloudstack\"]",
      "instances": []
    },
    {
      "mode": "managed",
      "type": "cloudstack_instance",
      "name": "vm2",
      "provider": "provider[\"registry.terraform.io/cloudstack/cloudstack\"]",
      "instances": []
    },
    {
      "mode": "managed",
      "type": "cloudstack_instance",
      "name": "vm3",
      "provider": "provider[\"registry.terraform.io/cloudstack/cloudstack\"]",
      "instances": []
    },
    {
      "mode": "managed",
      "type": "cloudstack_template",
      "name": "template1",
      "provider": "provider[\"registry.terraform.io/cloudstack/cloudstack\"]",
      "instances": [
        {
          "schema_version": 0,
          "attributes": {
            "display_text": "TuttasTemplate",
            "format": "QCOW2",
            "hypervisor": "KVM",
            "id": "23130685-1c74-43e8-b626-104d0c82baf3",
            "is_dynamically_scalable": false,
            "is_extractable": false,
            "is_featured": false,
            "is_public": false,
            "is_ready": true,
            "is_ready_timeout": 300,
            "name": "TuttasTemplate",
            "os_type": "Ubuntu 18.04 LTS",
            "password_enabled": true,
            "project": "",
            "tags": {},
            "url": "http://dl.openvm.eu/cloudstack/ubuntu/x86_64/ubuntu-18.04-kvm.qcow2.bz2",
            "zone": "a4848bf1-b2d1-4b39-97e3-72106df81f09"
          },
          "sensitive_attributes": []
        }
      ]
    }
  ],
  "check_results": null
}
