{
  "version": 4,
  "terraform_version": "1.9.8",
  "serial": 122,
  "lineage": "f90a9f36-0d46-535a-7713-8635fd5a70d4",
  "outputs": {
    "network_id": {
      "value": "7d379237-66dc-40d7-a387-327483e95c64",
      "type": "string"
    },
    "vm1_id": {
      "value": "561ac44b-9a8a-4b4c-9818-855b9b3e035b",
      "type": "string"
    },
    "vm2_id": {
      "value": "d4929df1-8c1b-4e25-9fba-82050e093439",
      "type": "string"
    }
  },
  "resources": [
    {
      "mode": "managed",
      "type": "cloudstack_instance",
      "name": "vm1",
      "provider": "provider[\"registry.terraform.io/cloudstack/cloudstack\"]",
      "instances": [
        {
          "schema_version": 0,
          "attributes": {
            "affinity_group_ids": null,
            "affinity_group_names": null,
            "details": null,
            "display_name": "Linux VM 1",
            "expunge": true,
            "group": "",
            "id": "561ac44b-9a8a-4b4c-9818-855b9b3e035b",
            "ip_address": "10.1.36.100",
            "keypair": "tuttas",
            "name": "linux-vm1",
            "network_id": "7d379237-66dc-40d7-a387-327483e95c64",
            "project": "",
            "root_disk_size": 20,
            "security_group_ids": null,
            "security_group_names": null,
            "service_offering": "Big Instance",
            "start_vm": true,
            "tags": {},
            "template": "ec33c028-59f2-4ed0-9235-46f350129f51",
            "user_data": null,
            "zone": "a4848bf1-b2d1-4b39-97e3-72106df81f09"
          },
          "sensitive_attributes": [],
          "dependencies": [
            "cloudstack_network.vlan_network",
            "cloudstack_template.template1"
          ]
        }
      ]
    },
    {
      "mode": "managed",
      "type": "cloudstack_instance",
      "name": "vm2",
      "provider": "provider[\"registry.terraform.io/cloudstack/cloudstack\"]",
      "instances": [
        {
          "schema_version": 0,
          "attributes": {
            "affinity_group_ids": null,
            "affinity_group_names": null,
            "details": null,
            "display_name": "Linux VM 2",
            "expunge": true,
            "group": "",
            "id": "d4929df1-8c1b-4e25-9fba-82050e093439",
            "ip_address": "10.1.36.101",
            "keypair": "tuttas",
            "name": "linux-vm2",
            "network_id": "7d379237-66dc-40d7-a387-327483e95c64",
            "project": "",
            "root_disk_size": 20,
            "security_group_ids": null,
            "security_group_names": null,
            "service_offering": "Big Instance",
            "start_vm": true,
            "tags": {},
            "template": "ec33c028-59f2-4ed0-9235-46f350129f51",
            "user_data": null,
            "zone": "a4848bf1-b2d1-4b39-97e3-72106df81f09"
          },
          "sensitive_attributes": [],
          "dependencies": [
            "cloudstack_network.vlan_network",
            "cloudstack_template.template1"
          ]
        }
      ]
    },
    {
      "mode": "managed",
      "type": "cloudstack_network",
      "name": "vlan_network",
      "provider": "provider[\"registry.terraform.io/cloudstack/cloudstack\"]",
      "instances": [
        {
          "schema_version": 0,
          "attributes": {
            "acl_id": "none",
            "cidr": "10.1.36.0/24",
            "display_text": "VLAN Network for Linux VMs",
            "endip": null,
            "gateway": "10.1.36.1",
            "id": "7d379237-66dc-40d7-a387-327483e95c64",
            "name": "VLAN-Network",
            "network_domain": "cs12cloud.internal",
            "network_offering": "12d4fc87-3718-40b0-9707-2b53b8555cda",
            "project": "",
            "source_nat_ip": null,
            "source_nat_ip_id": null,
            "startip": null,
            "tags": {},
            "vlan": null,
            "vpc_id": "",
            "zone": "a4848bf1-b2d1-4b39-97e3-72106df81f09"
          },
          "sensitive_attributes": []
        }
      ]
    },
    {
      "mode": "managed",
      "type": "cloudstack_template",
      "name": "template1",
      "provider": "provider[\"registry.terraform.io/cloudstack/cloudstack\"]",
      "instances": [
        {
          "schema_version": 0,
          "attributes": {
            "display_text": "TuttasTemplate",
            "format": "QCOW2",
            "hypervisor": "KVM",
            "id": "ec33c028-59f2-4ed0-9235-46f350129f51",
            "is_dynamically_scalable": false,
            "is_extractable": false,
            "is_featured": false,
            "is_public": false,
            "is_ready": true,
            "is_ready_timeout": 300,
            "name": "TuttasTemplate",
            "os_type": "Other Linux (64-bit)",
            "password_enabled": true,
            "project": "",
            "tags": {},
            "url": "http://dl.openvm.eu/cloudstack/macchinina/x86_64/macchinina-kvm.qcow2.bz2",
            "zone": "a4848bf1-b2d1-4b39-97e3-72106df81f09"
          },
          "sensitive_attributes": []
        }
      ]
    }
  ],
  "check_results": null
}
