{
  "version": 4,
  "terraform_version": "1.9.8",
  "serial": 53,
  "lineage": "f90a9f36-0d46-535a-7713-8635fd5a70d4",
  "outputs": {},
  "resources": [
    {
      "mode": "managed",
      "type": "cloudstack_network",
      "name": "vlan_network",
      "provider": "provider[\"registry.terraform.io/cloudstack/cloudstack\"]",
      "instances": [
        {
          "schema_version": 0,
          "attributes": {
            "acl_id": "none",
            "cidr": "10.1.36.0/24",
            "display_text": "VLAN Network for Linux VMs",
            "endip": null,
            "gateway": "10.1.36.1",
            "id": "4f786199-f199-4a38-b4eb-b946a178c6e4",
            "name": "VLAN-Network",
            "network_domain": "cs12cloud.internal",
            "network_offering": "12d4fc87-3718-40b0-9707-2b53b8555cda",
            "project": "",
            "source_nat_ip": null,
            "source_nat_ip_id": null,
            "startip": null,
            "tags": {},
            "vlan": null,
            "vpc_id": "",
            "zone": "a4848bf1-b2d1-4b39-97e3-72106df81f09"
          },
          "sensitive_attributes": []
        }
      ]
    },
    {
      "mode": "managed",
      "type": "cloudstack_template",
      "name": "template1",
      "provider": "provider[\"registry.terraform.io/cloudstack/cloudstack\"]",
      "instances": [
        {
          "schema_version": 0,
          "attributes": {
            "display_text": "Macchinina",
            "format": "QCOW2",
            "hypervisor": "KVM",
            "id": "d12ac533-69ea-49f8-90b6-6fa05307ae1d",
            "is_dynamically_scalable": false,
            "is_extractable": false,
            "is_featured": false,
            "is_public": false,
            "is_ready": true,
            "is_ready_timeout": 300,
            "name": "Macchinina",
            "os_type": "Other Linux (64-bit)",
            "password_enabled": true,
            "project": "",
            "tags": {},
            "url": "http://dl.openvm.eu/cloudstack/macchinina/x86_64/macchinina-kvm.qcow2.bz2",
            "zone": "a4848bf1-b2d1-4b39-97e3-72106df81f09"
          },
          "sensitive_attributes": []
        }
      ]
    }
  ],
  "check_results": null
}
