{
  "version": 4,
  "terraform_version": "1.5.3",
  "serial": 458,
  "lineage": "71381406-618f-1f6d-5859-1cc052429a15",
  "outputs": {
    "network_id": {
      "value": {
        "acl_id": "none",
        "cidr": "10.1.1.0/24",
        "display_text": "VLAN Network for Linux VMs",
        "endip": null,
        "gateway": "10.1.1.1",
        "id": "85d0d6df-d1f5-4ba9-bb43-a5510420d732",
        "name": "NetworkTU2",
        "network_domain": "FIAE",
        "network_offering": "12d4fc87-3718-40b0-9707-2b53b8555cda",
        "project": "",
        "source_nat_ip": null,
        "source_nat_ip_address": null,
        "source_nat_ip_id": null,
        "startip": null,
        "tags": {},
        "vlan": null,
        "vpc_id": "",
        "zone": "a4848bf1-b2d1-4b39-97e3-72106df81f09"
      },
      "type": [
        "object",
        {
          "acl_id": "string",
          "cidr": "string",
          "display_text": "string",
          "endip": "string",
          "gateway": "string",
          "id": "string",
          "name": "string",
          "network_domain": "string",
          "network_offering": "string",
          "project": "string",
          "source_nat_ip": "bool",
          "source_nat_ip_address": "string",
          "source_nat_ip_id": "string",
          "startip": "string",
          "tags": [
            "map",
            "string"
          ],
          "vlan": "number",
          "vpc_id": "string",
          "zone": "string"
        }
      ]
    },
    "vm1_id": {
      "value": "f3351645-147a-4a5d-80bd-aa809017784e",
      "type": "string"
    },
    "vm2_id": {
      "value": "0decfa6b-91f2-4c17-8552-247b555a4cad",
      "type": "string"
    }
  },
  "resources": [
    {
      "mode": "managed",
      "type": "cloudstack_egress_firewall",
      "name": "default",
      "provider": "provider[\"registry.terraform.io/cloudstack/cloudstack\"]",
      "instances": [
        {
          "schema_version": 0,
          "attributes": {
            "id": "85d0d6df-d1f5-4ba9-bb43-a5510420d732",
            "managed": false,
            "network_id": "85d0d6df-d1f5-4ba9-bb43-a5510420d732",
            "parallelism": 2,
            "rule": [
              {
                "cidr_list": [
                  "10.1.1.0/24"
                ],
                "icmp_code": 0,
                "icmp_type": 0,
                "ports": [],
                "protocol": "all",
                "uuids": {
                  "all": "8723dae7-7204-4595-b882-646352494a8a"
                }
              }
            ]
          },
          "sensitive_attributes": [],
          "private": "bnVsbA==",
          "dependencies": [
            "cloudstack_network.vlan_network"
          ]
        }
      ]
    },
    {
      "mode": "managed",
      "type": "cloudstack_instance",
      "name": "vm1",
      "provider": "provider[\"registry.terraform.io/cloudstack/cloudstack\"]",
      "instances": [
        {
          "schema_version": 0,
          "attributes": {
            "affinity_group_ids": null,
            "affinity_group_names": null,
            "cluster_id": null,
            "details": null,
            "display_name": "Linux VM 1",
            "expunge": true,
            "group": "",
            "host_id": null,
            "id": "f3351645-147a-4a5d-80bd-aa809017784e",
            "ip_address": "10.1.1.100",
            "keypair": "tuttas",
            "name": "linux-vm1",
            "network_id": "85d0d6df-d1f5-4ba9-bb43-a5510420d732",
            "nicnetworklist": null,
            "pod_id": null,
            "project": "",
            "properties": null,
            "root_disk_size": 20,
            "security_group_ids": null,
            "security_group_names": null,
            "service_offering": "Big Instance",
            "start_vm": true,
            "tags": {},
            "template": "f5295a59-8eb5-4c73-9768-cf67dcf3656b",
            "uefi": false,
            "user_data": "d66df90871c7cdd9c88394e5932208e0b8b79509",
            "zone": "a4848bf1-b2d1-4b39-97e3-72106df81f09"
          },
          "sensitive_attributes": [],
          "private": "bnVsbA==",
          "dependencies": [
            "cloudstack_network.vlan_network"
          ]
        }
      ]
    },
    {
      "mode": "managed",
      "type": "cloudstack_instance",
      "name": "vm2",
      "provider": "provider[\"registry.terraform.io/cloudstack/cloudstack\"]",
      "instances": [
        {
          "schema_version": 0,
          "attributes": {
            "affinity_group_ids": null,
            "affinity_group_names": null,
            "cluster_id": null,
            "details": null,
            "display_name": "Linux VM 2",
            "expunge": true,
            "group": "",
            "host_id": null,
            "id": "0decfa6b-91f2-4c17-8552-247b555a4cad",
            "ip_address": "10.1.1.101",
            "keypair": "tuttas",
            "name": "linux-vm2",
            "network_id": "85d0d6df-d1f5-4ba9-bb43-a5510420d732",
            "nicnetworklist": null,
            "pod_id": null,
            "project": "",
            "properties": null,
            "root_disk_size": 20,
            "security_group_ids": null,
            "security_group_names": null,
            "service_offering": "Big Instance",
            "start_vm": true,
            "tags": {},
            "template": "f5295a59-8eb5-4c73-9768-cf67dcf3656b",
            "uefi": false,
            "user_data": "c59871959d7ea9db4f5d17b1908d573093620810",
            "zone": "a4848bf1-b2d1-4b39-97e3-72106df81f09"
          },
          "sensitive_attributes": [],
          "private": "bnVsbA==",
          "dependencies": [
            "cloudstack_network.vlan_network"
          ]
        }
      ]
    },
    {
      "mode": "managed",
      "type": "cloudstack_network",
      "name": "vlan_network",
      "provider": "provider[\"registry.terraform.io/cloudstack/cloudstack\"]",
      "instances": [
        {
          "schema_version": 0,
          "attributes": {
            "acl_id": "none",
            "cidr": "10.1.1.0/24",
            "display_text": "VLAN Network for Linux VMs",
            "endip": null,
            "gateway": "10.1.1.1",
            "id": "85d0d6df-d1f5-4ba9-bb43-a5510420d732",
            "name": "NetworkTU2",
            "network_domain": "FIAE",
            "network_offering": "12d4fc87-3718-40b0-9707-2b53b8555cda",
            "project": "",
            "source_nat_ip": null,
            "source_nat_ip_address": null,
            "source_nat_ip_id": null,
            "startip": null,
            "tags": {},
            "vlan": null,
            "vpc_id": "",
            "zone": "a4848bf1-b2d1-4b39-97e3-72106df81f09"
          },
          "sensitive_attributes": [],
          "private": "bnVsbA=="
        }
      ]
    }
  ],
  "check_results": null
}
