{
  "version": 4,
  "terraform_version": "1.9.8",
  "serial": 15,
  "lineage": "08172cbf-fb6d-8041-9c8e-14a4616a48a3",
  "outputs": {
    "B-DC01_id": {
      "value": "d752b91e-5a42-4a22-ad32-19b280a98dad",
      "type": "string"
    },
    "B-DC02_id": {
      "value": "27ae3345-ee35-4b65-99a3-9bd9ddf07a92",
      "type": "string"
    },
    "B-PC01_id": {
      "value": "82880409-92dd-4310-b968-26c467827c53",
      "type": "string"
    },
    "R-DC01_id": {
      "value": "8aba654d-6a59-4e27-9959-00b8525a87fb",
      "type": "string"
    },
    "R-PC01_id": {
      "value": "01bb93b6-d2a1-4fcd-9ff6-983262df4473",
      "type": "string"
    },
    "network_id": {
      "value": "6c007517-aa2b-4dfd-87eb-1eaed37264e6",
      "type": "string"
    },
    "public_ip": {
      "value": "06c30751-93c9-42ea-81e1-eaa6e540d2b7",
      "type": "string"
    }
  },
  "resources": [
    {
      "mode": "managed",
      "type": "cloudstack_egress_firewall",
      "name": "default",
      "provider": "provider[\"registry.terraform.io/cloudstack/cloudstack\"]",
      "instances": [
        {
          "schema_version": 0,
          "attributes": {
            "id": "6c007517-aa2b-4dfd-87eb-1eaed37264e6",
            "managed": false,
            "network_id": "6c007517-aa2b-4dfd-87eb-1eaed37264e6",
            "parallelism": 2,
            "rule": [
              {
                "cidr_list": [
                  "10.100.2.0/24"
                ],
                "icmp_code": 0,
                "icmp_type": 0,
                "ports": [],
                "protocol": "all",
                "uuids": {
                  "all": "d04daceb-bda2-498f-aca5-d12722adb811"
                }
              }
            ]
          },
          "sensitive_attributes": [],
          "private": "bnVsbA==",
          "dependencies": [
            "cloudstack_network.vlan_network"
          ]
        }
      ]
    },
    {
      "mode": "managed",
      "type": "cloudstack_firewall",
      "name": "allow_rdp",
      "provider": "provider[\"registry.terraform.io/cloudstack/cloudstack\"]",
      "instances": [
        {
          "schema_version": 0,
          "attributes": {
            "id": "06c30751-93c9-42ea-81e1-eaa6e540d2b7",
            "ip_address_id": "06c30751-93c9-42ea-81e1-eaa6e540d2b7",
            "managed": false,
            "parallelism": 2,
            "rule": [
              {
                "cidr_list": [
                  "0.0.0.0/0"
                ],
                "icmp_code": 0,
                "icmp_type": 0,
                "ports": [
                  "3001",
                  "3002",
                  "3003",
                  "3004",
                  "3005",
                  "3006",
                  "3007"
                ],
                "protocol": "tcp",
                "uuids": {
                  "3001": "870610da-08b3-4b1d-88e3-a4b3355af41e",
                  "3002": "0e6532bb-711b-48c6-b355-7724773cc0b0",
                  "3003": "9e110211-eb15-4354-8cfb-c84429a59ee5",
                  "3004": "4caf0ab4-66bb-4399-88c3-b064a6b84659",
                  "3005": "a24ed0b0-e67d-4dfb-a44d-318d85a57ef6",
                  "3006": "93197ba1-298f-4ad9-8db5-4bec0f64b3c8",
                  "3007": "fe17dbc4-21fc-4e60-95cf-251913283b35"
                }
              }
            ]
          },
          "sensitive_attributes": [],
          "private": "bnVsbA==",
          "dependencies": [
            "cloudstack_instance.B-DC01",
            "cloudstack_instance.B-DC02",
            "cloudstack_instance.B-PC01",
            "cloudstack_instance.R-DC01",
            "cloudstack_instance.R-PC01",
            "cloudstack_ipaddress.public_ip",
            "cloudstack_network.vlan_network",
            "cloudstack_port_forward.rdpBDC01",
            "cloudstack_port_forward.rdpBDC02",
            "cloudstack_port_forward.rdpBPC01",
            "cloudstack_port_forward.rdpRDC01",
            "cloudstack_port_forward.rdpRPC01"
          ]
        }
      ]
    },
    {
      "mode": "managed",
      "type": "cloudstack_instance",
      "name": "B-DC01",
      "provider": "provider[\"registry.terraform.io/cloudstack/cloudstack\"]",
      "instances": [
        {
          "schema_version": 0,
          "attributes": {
            "affinity_group_ids": null,
            "affinity_group_names": null,
            "cluster_id": null,
            "details": null,
            "display_name": "B-DC01",
            "expunge": true,
            "group": "",
            "host_id": null,
            "id": "d752b91e-5a42-4a22-ad32-19b280a98dad",
            "ip_address": "10.100.2.13",
            "keypair": null,
            "name": "B-DC01",
            "network_id": "6c007517-aa2b-4dfd-87eb-1eaed37264e6",
            "nicnetworklist": null,
            "pod_id": null,
            "project": "",
            "properties": null,
            "root_disk_size": 20,
            "security_group_ids": null,
            "security_group_names": null,
            "service_offering": "Big Instance",
            "start_vm": true,
            "tags": {},
            "template": "2c8ac632-ff16-4edf-9e00-4a55811f2514",
            "uefi": false,
            "user_data": null,
            "zone": "Multi Media Berufsbildende Schulen"
          },
          "sensitive_attributes": [],
          "private": "bnVsbA==",
          "dependencies": [
            "cloudstack_network.vlan_network"
          ]
        }
      ]
    },
    {
      "mode": "managed",
      "type": "cloudstack_instance",
      "name": "B-DC02",
      "provider": "provider[\"registry.terraform.io/cloudstack/cloudstack\"]",
      "instances": [
        {
          "schema_version": 0,
          "attributes": {
            "affinity_group_ids": null,
            "affinity_group_names": null,
            "cluster_id": null,
            "details": null,
            "display_name": "B-DC02",
            "expunge": true,
            "group": "",
            "host_id": null,
            "id": "27ae3345-ee35-4b65-99a3-9bd9ddf07a92",
            "ip_address": "10.100.2.14",
            "keypair": null,
            "name": "B-DC02",
            "network_id": "6c007517-aa2b-4dfd-87eb-1eaed37264e6",
            "nicnetworklist": null,
            "pod_id": null,
            "project": "",
            "properties": null,
            "root_disk_size": 20,
            "security_group_ids": null,
            "security_group_names": null,
            "service_offering": "Big Instance",
            "start_vm": true,
            "tags": {},
            "template": "2c8ac632-ff16-4edf-9e00-4a55811f2514",
            "uefi": false,
            "user_data": null,
            "zone": "Multi Media Berufsbildende Schulen"
          },
          "sensitive_attributes": [],
          "private": "bnVsbA==",
          "dependencies": [
            "cloudstack_network.vlan_network"
          ]
        }
      ]
    },
    {
      "mode": "managed",
      "type": "cloudstack_instance",
      "name": "B-PC01",
      "provider": "provider[\"registry.terraform.io/cloudstack/cloudstack\"]",
      "instances": [
        {
          "schema_version": 0,
          "attributes": {
            "affinity_group_ids": null,
            "affinity_group_names": null,
            "cluster_id": null,
            "details": null,
            "display_name": "B-PC01",
            "expunge": true,
            "group": "",
            "host_id": null,
            "id": "82880409-92dd-4310-b968-26c467827c53",
            "ip_address": "10.100.2.10",
            "keypair": null,
            "name": "B-PC01",
            "network_id": "6c007517-aa2b-4dfd-87eb-1eaed37264e6",
            "nicnetworklist": null,
            "pod_id": null,
            "project": "",
            "properties": null,
            "root_disk_size": 20,
            "security_group_ids": null,
            "security_group_names": null,
            "service_offering": "Big Instance",
            "start_vm": true,
            "tags": {},
            "template": "3f692b17-29b5-40d1-9815-e55f33f28a02",
            "uefi": false,
            "user_data": null,
            "zone": "Multi Media Berufsbildende Schulen"
          },
          "sensitive_attributes": [],
          "private": "bnVsbA==",
          "dependencies": [
            "cloudstack_network.vlan_network"
          ]
        }
      ]
    },
    {
      "mode": "managed",
      "type": "cloudstack_instance",
      "name": "R-DC01",
      "provider": "provider[\"registry.terraform.io/cloudstack/cloudstack\"]",
      "instances": [
        {
          "schema_version": 0,
          "attributes": {
            "affinity_group_ids": null,
            "affinity_group_names": null,
            "cluster_id": null,
            "details": null,
            "display_name": "R-DC01",
            "expunge": true,
            "group": "",
            "host_id": null,
            "id": "8aba654d-6a59-4e27-9959-00b8525a87fb",
            "ip_address": "10.100.2.15",
            "keypair": null,
            "name": "R-DC01",
            "network_id": "6c007517-aa2b-4dfd-87eb-1eaed37264e6",
            "nicnetworklist": null,
            "pod_id": null,
            "project": "",
            "properties": null,
            "root_disk_size": 20,
            "security_group_ids": null,
            "security_group_names": null,
            "service_offering": "Big Instance",
            "start_vm": true,
            "tags": {},
            "template": "2c8ac632-ff16-4edf-9e00-4a55811f2514",
            "uefi": false,
            "user_data": null,
            "zone": "Multi Media Berufsbildende Schulen"
          },
          "sensitive_attributes": [],
          "private": "bnVsbA==",
          "dependencies": [
            "cloudstack_network.vlan_network"
          ]
        }
      ]
    },
    {
      "mode": "managed",
      "type": "cloudstack_instance",
      "name": "R-PC01",
      "provider": "provider[\"registry.terraform.io/cloudstack/cloudstack\"]",
      "instances": [
        {
          "schema_version": 0,
          "attributes": {
            "affinity_group_ids": null,
            "affinity_group_names": null,
            "cluster_id": null,
            "details": null,
            "display_name": "R-PC01",
            "expunge": true,
            "group": "",
            "host_id": null,
            "id": "01bb93b6-d2a1-4fcd-9ff6-983262df4473",
            "ip_address": "10.100.2.11",
            "keypair": null,
            "name": "R-PC01",
            "network_id": "6c007517-aa2b-4dfd-87eb-1eaed37264e6",
            "nicnetworklist": null,
            "pod_id": null,
            "project": "",
            "properties": null,
            "root_disk_size": 20,
            "security_group_ids": null,
            "security_group_names": null,
            "service_offering": "Big Instance",
            "start_vm": true,
            "tags": {},
            "template": "3f692b17-29b5-40d1-9815-e55f33f28a02",
            "uefi": false,
            "user_data": null,
            "zone": "Multi Media Berufsbildende Schulen"
          },
          "sensitive_attributes": [],
          "private": "bnVsbA==",
          "dependencies": [
            "cloudstack_network.vlan_network"
          ]
        }
      ]
    },
    {
      "mode": "managed",
      "type": "cloudstack_ipaddress",
      "name": "public_ip",
      "provider": "provider[\"registry.terraform.io/cloudstack/cloudstack\"]",
      "instances": [
        {
          "schema_version": 0,
          "attributes": {
            "id": "06c30751-93c9-42ea-81e1-eaa6e540d2b7",
            "ip_address": "172.31.6.147",
            "is_portable": false,
            "is_source_nat": true,
            "network_id": "6c007517-aa2b-4dfd-87eb-1eaed37264e6",
            "project": "",
            "tags": {},
            "vpc_id": null,
            "zone": null
          },
          "sensitive_attributes": [],
          "private": "bnVsbA==",
          "dependencies": [
            "cloudstack_network.vlan_network"
          ]
        }
      ]
    },
    {
      "mode": "managed",
      "type": "cloudstack_network",
      "name": "vlan_network",
      "provider": "provider[\"registry.terraform.io/cloudstack/cloudstack\"]",
      "instances": [
        {
          "schema_version": 0,
          "attributes": {
            "acl_id": "none",
            "cidr": "10.100.2.0/24",
            "display_text": "Layer 3 Netzwerk für Windwos Projekt",
            "endip": null,
            "gateway": "10.100.2.1",
            "id": "6c007517-aa2b-4dfd-87eb-1eaed37264e6",
            "name": "FISI22I",
            "network_domain": "cs198cloud.internal",
            "network_offering": "12d4fc87-3718-40b0-9707-2b53b8555cda",
            "project": "",
            "source_nat_ip": null,
            "source_nat_ip_address": null,
            "source_nat_ip_id": null,
            "startip": null,
            "tags": {},
            "vlan": null,
            "vpc_id": "",
            "zone": "a4848bf1-b2d1-4b39-97e3-72106df81f09"
          },
          "sensitive_attributes": [],
          "private": "bnVsbA=="
        }
      ]
    },
    {
      "mode": "managed",
      "type": "cloudstack_port_forward",
      "name": "rdpBDC01",
      "provider": "provider[\"registry.terraform.io/cloudstack/cloudstack\"]",
      "instances": [
        {
          "schema_version": 0,
          "attributes": {
            "forward": [
              {
                "private_port": 3389,
                "protocol": "tcp",
                "public_port": 3001,
                "uuid": "11215c7b-5b3f-4de3-9b80-d34982973ac3",
                "virtual_machine_id": "d752b91e-5a42-4a22-ad32-19b280a98dad",
                "vm_guest_ip": ""
              }
            ],
            "id": "06c30751-93c9-42ea-81e1-eaa6e540d2b7",
            "ip_address_id": "06c30751-93c9-42ea-81e1-eaa6e540d2b7",
            "managed": false,
            "project": null
          },
          "sensitive_attributes": [],
          "private": "bnVsbA==",
          "dependencies": [
            "cloudstack_instance.B-DC01",
            "cloudstack_ipaddress.public_ip",
            "cloudstack_network.vlan_network"
          ]
        }
      ]
    },
    {
      "mode": "managed",
      "type": "cloudstack_port_forward",
      "name": "rdpBDC02",
      "provider": "provider[\"registry.terraform.io/cloudstack/cloudstack\"]",
      "instances": [
        {
          "schema_version": 0,
          "attributes": {
            "forward": [
              {
                "private_port": 3389,
                "protocol": "tcp",
                "public_port": 3002,
                "uuid": "61b6e9b6-0b81-4678-8e4b-fbece0642163",
                "virtual_machine_id": "27ae3345-ee35-4b65-99a3-9bd9ddf07a92",
                "vm_guest_ip": ""
              }
            ],
            "id": "06c30751-93c9-42ea-81e1-eaa6e540d2b7",
            "ip_address_id": "06c30751-93c9-42ea-81e1-eaa6e540d2b7",
            "managed": false,
            "project": null
          },
          "sensitive_attributes": [],
          "private": "bnVsbA==",
          "dependencies": [
            "cloudstack_instance.B-DC02",
            "cloudstack_ipaddress.public_ip",
            "cloudstack_network.vlan_network"
          ]
        }
      ]
    },
    {
      "mode": "managed",
      "type": "cloudstack_port_forward",
      "name": "rdpBPC01",
      "provider": "provider[\"registry.terraform.io/cloudstack/cloudstack\"]",
      "instances": [
        {
          "schema_version": 0,
          "attributes": {
            "forward": [
              {
                "private_port": 3389,
                "protocol": "tcp",
                "public_port": 3005,
                "uuid": "6e45367c-df12-4be4-adcf-4e5dcdbac32d",
                "virtual_machine_id": "82880409-92dd-4310-b968-26c467827c53",
                "vm_guest_ip": ""
              }
            ],
            "id": "06c30751-93c9-42ea-81e1-eaa6e540d2b7",
            "ip_address_id": "06c30751-93c9-42ea-81e1-eaa6e540d2b7",
            "managed": false,
            "project": null
          },
          "sensitive_attributes": [],
          "private": "bnVsbA==",
          "dependencies": [
            "cloudstack_instance.B-PC01",
            "cloudstack_ipaddress.public_ip",
            "cloudstack_network.vlan_network"
          ]
        }
      ]
    },
    {
      "mode": "managed",
      "type": "cloudstack_port_forward",
      "name": "rdpRDC01",
      "provider": "provider[\"registry.terraform.io/cloudstack/cloudstack\"]",
      "instances": [
        {
          "schema_version": 0,
          "attributes": {
            "forward": [
              {
                "private_port": 3389,
                "protocol": "tcp",
                "public_port": 3003,
                "uuid": "a82afafc-d37e-443e-95c7-ebd834be2c4c",
                "virtual_machine_id": "8aba654d-6a59-4e27-9959-00b8525a87fb",
                "vm_guest_ip": ""
              }
            ],
            "id": "06c30751-93c9-42ea-81e1-eaa6e540d2b7",
            "ip_address_id": "06c30751-93c9-42ea-81e1-eaa6e540d2b7",
            "managed": false,
            "project": null
          },
          "sensitive_attributes": [],
          "private": "bnVsbA==",
          "dependencies": [
            "cloudstack_instance.R-DC01",
            "cloudstack_ipaddress.public_ip",
            "cloudstack_network.vlan_network"
          ]
        }
      ]
    },
    {
      "mode": "managed",
      "type": "cloudstack_port_forward",
      "name": "rdpRPC01",
      "provider": "provider[\"registry.terraform.io/cloudstack/cloudstack\"]",
      "instances": [
        {
          "schema_version": 0,
          "attributes": {
            "forward": [
              {
                "private_port": 3389,
                "protocol": "tcp",
                "public_port": 3006,
                "uuid": "4f63fc00-2be7-46e4-950f-2cf7e07b9ec8",
                "virtual_machine_id": "01bb93b6-d2a1-4fcd-9ff6-983262df4473",
                "vm_guest_ip": ""
              }
            ],
            "id": "06c30751-93c9-42ea-81e1-eaa6e540d2b7",
            "ip_address_id": "06c30751-93c9-42ea-81e1-eaa6e540d2b7",
            "managed": false,
            "project": null
          },
          "sensitive_attributes": [],
          "private": "bnVsbA==",
          "dependencies": [
            "cloudstack_instance.R-PC01",
            "cloudstack_ipaddress.public_ip",
            "cloudstack_network.vlan_network"
          ]
        }
      ]
    }
  ],
  "check_results": null
}
