{
  "version": 4,
  "terraform_version": "1.9.8",
  "serial": 19,
  "lineage": "d99a4ba0-853b-5a68-134c-716004b158e7",
  "outputs": {
    "B-DC01_id": {
      "value": "f61d8118-66f9-4e4d-acd6-e987857b3ffe",
      "type": "string"
    },
    "B-DC02_id": {
      "value": "71f3866e-1bcb-4b8b-900a-7d8117ccad80",
      "type": "string"
    },
    "B-PC01_id": {
      "value": "1792effd-190c-4463-8500-be79f427a831",
      "type": "string"
    },
    "HB-DC01_id": {
      "value": "4745ce54-6bc3-4135-8807-8df6d7c1bb77",
      "type": "string"
    },
    "HB-PC01_id": {
      "value": "76c427ad-e150-41c7-a315-f958bbc3a4b8",
      "type": "string"
    },
    "R-DC01_id": {
      "value": "ea27e4f0-16b8-4baf-ba16-c08d87e57b12",
      "type": "string"
    },
    "R-PC01_id": {
      "value": "52bdd361-2617-4510-89c1-a0c57f68c274",
      "type": "string"
    },
    "network_id": {
      "value": "759ab111-34b9-4fa1-9c57-29ac5b0bcbde",
      "type": "string"
    },
    "public_ip": {
      "value": "06c30751-93c9-42ea-81e1-eaa6e540d2b7",
      "type": "string"
    }
  },
  "resources": [
    {
      "mode": "managed",
      "type": "cloudstack_egress_firewall",
      "name": "default",
      "provider": "provider[\"registry.terraform.io/cloudstack/cloudstack\"]",
      "instances": [
        {
          "schema_version": 0,
          "attributes": {
            "id": "759ab111-34b9-4fa1-9c57-29ac5b0bcbde",
            "managed": false,
            "network_id": "759ab111-34b9-4fa1-9c57-29ac5b0bcbde",
            "parallelism": 2,
            "rule": [
              {
                "cidr_list": [
                  "10.100.2.0/24"
                ],
                "icmp_code": 0,
                "icmp_type": 0,
                "ports": [],
                "protocol": "all",
                "uuids": {
                  "all": "9942e199-998c-4941-8b7c-6457fa004a3d"
                }
              }
            ]
          },
          "sensitive_attributes": [],
          "private": "bnVsbA==",
          "dependencies": [
            "cloudstack_network.vlan_network"
          ]
        }
      ]
    },
    {
      "mode": "managed",
      "type": "cloudstack_firewall",
      "name": "allow_rdp",
      "provider": "provider[\"registry.terraform.io/cloudstack/cloudstack\"]",
      "instances": [
        {
          "schema_version": 0,
          "attributes": {
            "id": "06c30751-93c9-42ea-81e1-eaa6e540d2b7",
            "ip_address_id": "06c30751-93c9-42ea-81e1-eaa6e540d2b7",
            "managed": false,
            "parallelism": 2,
            "rule": [
              {
                "cidr_list": [
                  "0.0.0.0/0"
                ],
                "icmp_code": 0,
                "icmp_type": 0,
                "ports": [
                  "3001",
                  "3002",
                  "3003",
                  "3004",
                  "3005",
                  "3006",
                  "3007"
                ],
                "protocol": "tcp",
                "uuids": {
                  "3001": "6166693e-b96c-4b8d-9707-4d23351c377c",
                  "3002": "2179d5a9-b1e1-44a4-8089-240c66ea25cb",
                  "3003": "268b9116-0208-4832-b9d2-deb18e801447",
                  "3004": "d83f40c8-b74a-4e21-96eb-3f107e89cd9a",
                  "3005": "7cb71727-91da-42fe-a804-36a6f5de09e2",
                  "3006": "0268160b-1e22-4213-9621-d77451278f72",
                  "3007": "30f84f28-8391-4e58-86fe-03188bf52add"
                }
              }
            ]
          },
          "sensitive_attributes": [],
          "private": "bnVsbA==",
          "dependencies": [
            "cloudstack_instance.B-DC01",
            "cloudstack_instance.B-DC02",
            "cloudstack_instance.B-PC01",
            "cloudstack_instance.HB-DC01",
            "cloudstack_instance.HB-PC01",
            "cloudstack_instance.R-DC01",
            "cloudstack_instance.R-PC01",
            "cloudstack_ipaddress.public_ip",
            "cloudstack_network.vlan_network",
            "cloudstack_port_forward.rdpBDC01",
            "cloudstack_port_forward.rdpBDC02",
            "cloudstack_port_forward.rdpBPC01",
            "cloudstack_port_forward.rdpHBDC01",
            "cloudstack_port_forward.rdpHBPC01",
            "cloudstack_port_forward.rdpRDC01",
            "cloudstack_port_forward.rdpRPC01"
          ]
        }
      ]
    },
    {
      "mode": "managed",
      "type": "cloudstack_instance",
      "name": "B-DC01",
      "provider": "provider[\"registry.terraform.io/cloudstack/cloudstack\"]",
      "instances": [
        {
          "schema_version": 0,
          "attributes": {
            "affinity_group_ids": null,
            "affinity_group_names": null,
            "cluster_id": null,
            "details": null,
            "display_name": "B-DC01",
            "expunge": true,
            "group": "",
            "host_id": null,
            "id": "f61d8118-66f9-4e4d-acd6-e987857b3ffe",
            "ip_address": "10.100.2.13",
            "keypair": null,
            "name": "B-DC01",
            "network_id": "759ab111-34b9-4fa1-9c57-29ac5b0bcbde",
            "nicnetworklist": null,
            "pod_id": null,
            "project": "",
            "properties": null,
            "root_disk_size": 20,
            "security_group_ids": null,
            "security_group_names": null,
            "service_offering": "Big Instance",
            "start_vm": true,
            "tags": {},
            "template": "2c8ac632-ff16-4edf-9e00-4a55811f2514",
            "uefi": false,
            "user_data": null,
            "zone": "Multi Media Berufsbildende Schulen"
          },
          "sensitive_attributes": [],
          "private": "bnVsbA==",
          "dependencies": [
            "cloudstack_network.vlan_network"
          ]
        }
      ]
    },
    {
      "mode": "managed",
      "type": "cloudstack_instance",
      "name": "B-DC02",
      "provider": "provider[\"registry.terraform.io/cloudstack/cloudstack\"]",
      "instances": [
        {
          "schema_version": 0,
          "attributes": {
            "affinity_group_ids": null,
            "affinity_group_names": null,
            "cluster_id": null,
            "details": null,
            "display_name": "B-DC02",
            "expunge": true,
            "group": "",
            "host_id": null,
            "id": "71f3866e-1bcb-4b8b-900a-7d8117ccad80",
            "ip_address": "10.100.2.14",
            "keypair": null,
            "name": "B-DC02",
            "network_id": "759ab111-34b9-4fa1-9c57-29ac5b0bcbde",
            "nicnetworklist": null,
            "pod_id": null,
            "project": "",
            "properties": null,
            "root_disk_size": 20,
            "security_group_ids": null,
            "security_group_names": null,
            "service_offering": "Big Instance",
            "start_vm": true,
            "tags": {},
            "template": "2c8ac632-ff16-4edf-9e00-4a55811f2514",
            "uefi": false,
            "user_data": null,
            "zone": "Multi Media Berufsbildende Schulen"
          },
          "sensitive_attributes": [],
          "private": "bnVsbA==",
          "dependencies": [
            "cloudstack_network.vlan_network"
          ]
        }
      ]
    },
    {
      "mode": "managed",
      "type": "cloudstack_instance",
      "name": "B-PC01",
      "provider": "provider[\"registry.terraform.io/cloudstack/cloudstack\"]",
      "instances": [
        {
          "schema_version": 0,
          "attributes": {
            "affinity_group_ids": null,
            "affinity_group_names": null,
            "cluster_id": null,
            "details": null,
            "display_name": "B-PC01",
            "expunge": true,
            "group": "",
            "host_id": null,
            "id": "1792effd-190c-4463-8500-be79f427a831",
            "ip_address": "10.100.2.10",
            "keypair": null,
            "name": "B-PC01",
            "network_id": "759ab111-34b9-4fa1-9c57-29ac5b0bcbde",
            "nicnetworklist": null,
            "pod_id": null,
            "project": "",
            "properties": null,
            "root_disk_size": 20,
            "security_group_ids": null,
            "security_group_names": null,
            "service_offering": "Big Instance",
            "start_vm": true,
            "tags": {},
            "template": "3f692b17-29b5-40d1-9815-e55f33f28a02",
            "uefi": false,
            "user_data": null,
            "zone": "Multi Media Berufsbildende Schulen"
          },
          "sensitive_attributes": [],
          "private": "bnVsbA==",
          "dependencies": [
            "cloudstack_network.vlan_network"
          ]
        }
      ]
    },
    {
      "mode": "managed",
      "type": "cloudstack_instance",
      "name": "HB-DC01",
      "provider": "provider[\"registry.terraform.io/cloudstack/cloudstack\"]",
      "instances": [
        {
          "schema_version": 0,
          "attributes": {
            "affinity_group_ids": null,
            "affinity_group_names": null,
            "cluster_id": null,
            "details": null,
            "display_name": "HB-DC01",
            "expunge": true,
            "group": "",
            "host_id": null,
            "id": "4745ce54-6bc3-4135-8807-8df6d7c1bb77",
            "ip_address": "10.100.2.16",
            "keypair": null,
            "name": "HB-DC01",
            "network_id": "759ab111-34b9-4fa1-9c57-29ac5b0bcbde",
            "nicnetworklist": null,
            "pod_id": null,
            "project": "",
            "properties": null,
            "root_disk_size": 20,
            "security_group_ids": null,
            "security_group_names": null,
            "service_offering": "Big Instance",
            "start_vm": true,
            "tags": {},
            "template": "2c8ac632-ff16-4edf-9e00-4a55811f2514",
            "uefi": false,
            "user_data": null,
            "zone": "Multi Media Berufsbildende Schulen"
          },
          "sensitive_attributes": [],
          "private": "bnVsbA==",
          "dependencies": [
            "cloudstack_network.vlan_network"
          ]
        }
      ]
    },
    {
      "mode": "managed",
      "type": "cloudstack_instance",
      "name": "HB-PC01",
      "provider": "provider[\"registry.terraform.io/cloudstack/cloudstack\"]",
      "instances": [
        {
          "schema_version": 0,
          "attributes": {
            "affinity_group_ids": null,
            "affinity_group_names": null,
            "cluster_id": null,
            "details": null,
            "display_name": "HB-PC01",
            "expunge": true,
            "group": "",
            "host_id": null,
            "id": "76c427ad-e150-41c7-a315-f958bbc3a4b8",
            "ip_address": "10.100.2.12",
            "keypair": null,
            "name": "HB-PC01",
            "network_id": "759ab111-34b9-4fa1-9c57-29ac5b0bcbde",
            "nicnetworklist": null,
            "pod_id": null,
            "project": "",
            "properties": null,
            "root_disk_size": 20,
            "security_group_ids": null,
            "security_group_names": null,
            "service_offering": "Big Instance",
            "start_vm": true,
            "tags": {},
            "template": "3f692b17-29b5-40d1-9815-e55f33f28a02",
            "uefi": false,
            "user_data": null,
            "zone": "Multi Media Berufsbildende Schulen"
          },
          "sensitive_attributes": [],
          "private": "bnVsbA==",
          "dependencies": [
            "cloudstack_network.vlan_network"
          ]
        }
      ]
    },
    {
      "mode": "managed",
      "type": "cloudstack_instance",
      "name": "R-DC01",
      "provider": "provider[\"registry.terraform.io/cloudstack/cloudstack\"]",
      "instances": [
        {
          "schema_version": 0,
          "attributes": {
            "affinity_group_ids": null,
            "affinity_group_names": null,
            "cluster_id": null,
            "details": null,
            "display_name": "R-DC01",
            "expunge": true,
            "group": "",
            "host_id": null,
            "id": "ea27e4f0-16b8-4baf-ba16-c08d87e57b12",
            "ip_address": "10.100.2.15",
            "keypair": null,
            "name": "R-DC01",
            "network_id": "759ab111-34b9-4fa1-9c57-29ac5b0bcbde",
            "nicnetworklist": null,
            "pod_id": null,
            "project": "",
            "properties": null,
            "root_disk_size": 20,
            "security_group_ids": null,
            "security_group_names": null,
            "service_offering": "Big Instance",
            "start_vm": true,
            "tags": {},
            "template": "2c8ac632-ff16-4edf-9e00-4a55811f2514",
            "uefi": false,
            "user_data": null,
            "zone": "Multi Media Berufsbildende Schulen"
          },
          "sensitive_attributes": [],
          "private": "bnVsbA==",
          "dependencies": [
            "cloudstack_network.vlan_network"
          ]
        }
      ]
    },
    {
      "mode": "managed",
      "type": "cloudstack_instance",
      "name": "R-PC01",
      "provider": "provider[\"registry.terraform.io/cloudstack/cloudstack\"]",
      "instances": [
        {
          "schema_version": 0,
          "attributes": {
            "affinity_group_ids": null,
            "affinity_group_names": null,
            "cluster_id": null,
            "details": null,
            "display_name": "R-PC01",
            "expunge": true,
            "group": "",
            "host_id": null,
            "id": "52bdd361-2617-4510-89c1-a0c57f68c274",
            "ip_address": "10.100.2.11",
            "keypair": null,
            "name": "R-PC01",
            "network_id": "759ab111-34b9-4fa1-9c57-29ac5b0bcbde",
            "nicnetworklist": null,
            "pod_id": null,
            "project": "",
            "properties": null,
            "root_disk_size": 20,
            "security_group_ids": null,
            "security_group_names": null,
            "service_offering": "Big Instance",
            "start_vm": true,
            "tags": {},
            "template": "3f692b17-29b5-40d1-9815-e55f33f28a02",
            "uefi": false,
            "user_data": null,
            "zone": "Multi Media Berufsbildende Schulen"
          },
          "sensitive_attributes": [],
          "private": "bnVsbA==",
          "dependencies": [
            "cloudstack_network.vlan_network"
          ]
        }
      ]
    },
    {
      "mode": "managed",
      "type": "cloudstack_ipaddress",
      "name": "public_ip",
      "provider": "provider[\"registry.terraform.io/cloudstack/cloudstack\"]",
      "instances": [
        {
          "schema_version": 0,
          "attributes": {
            "id": "06c30751-93c9-42ea-81e1-eaa6e540d2b7",
            "ip_address": "172.31.6.147",
            "is_portable": false,
            "is_source_nat": true,
            "network_id": "759ab111-34b9-4fa1-9c57-29ac5b0bcbde",
            "project": "",
            "tags": {},
            "vpc_id": null,
            "zone": null
          },
          "sensitive_attributes": [],
          "private": "bnVsbA==",
          "dependencies": [
            "cloudstack_network.vlan_network"
          ]
        }
      ]
    },
    {
      "mode": "managed",
      "type": "cloudstack_network",
      "name": "vlan_network",
      "provider": "provider[\"registry.terraform.io/cloudstack/cloudstack\"]",
      "instances": [
        {
          "schema_version": 0,
          "attributes": {
            "acl_id": "none",
            "cidr": "10.100.2.0/24",
            "display_text": "Layer 3 Netzwerk für Windwos Projekt",
            "endip": null,
            "gateway": "10.100.2.1",
            "id": "759ab111-34b9-4fa1-9c57-29ac5b0bcbde",
            "name": "FISI22Inw2",
            "network_domain": "cs1a0cloud.internal",
            "network_offering": "12d4fc87-3718-40b0-9707-2b53b8555cda",
            "project": "",
            "source_nat_ip": null,
            "source_nat_ip_address": null,
            "source_nat_ip_id": null,
            "startip": null,
            "tags": {},
            "vlan": null,
            "vpc_id": "",
            "zone": "a4848bf1-b2d1-4b39-97e3-72106df81f09"
          },
          "sensitive_attributes": [],
          "private": "bnVsbA=="
        }
      ]
    },
    {
      "mode": "managed",
      "type": "cloudstack_port_forward",
      "name": "rdpBDC01",
      "provider": "provider[\"registry.terraform.io/cloudstack/cloudstack\"]",
      "instances": [
        {
          "schema_version": 0,
          "attributes": {
            "forward": [
              {
                "private_port": 3389,
                "protocol": "tcp",
                "public_port": 3001,
                "uuid": "705447da-5ef3-44bb-8557-8dc8fd0595ea",
                "virtual_machine_id": "f61d8118-66f9-4e4d-acd6-e987857b3ffe",
                "vm_guest_ip": ""
              }
            ],
            "id": "06c30751-93c9-42ea-81e1-eaa6e540d2b7",
            "ip_address_id": "06c30751-93c9-42ea-81e1-eaa6e540d2b7",
            "managed": false,
            "project": null
          },
          "sensitive_attributes": [],
          "private": "bnVsbA==",
          "dependencies": [
            "cloudstack_instance.B-DC01",
            "cloudstack_ipaddress.public_ip",
            "cloudstack_network.vlan_network"
          ]
        }
      ]
    },
    {
      "mode": "managed",
      "type": "cloudstack_port_forward",
      "name": "rdpBDC02",
      "provider": "provider[\"registry.terraform.io/cloudstack/cloudstack\"]",
      "instances": [
        {
          "schema_version": 0,
          "attributes": {
            "forward": [
              {
                "private_port": 3389,
                "protocol": "tcp",
                "public_port": 3002,
                "uuid": "2968ef44-410c-49ea-983b-267a4554a5c3",
                "virtual_machine_id": "71f3866e-1bcb-4b8b-900a-7d8117ccad80",
                "vm_guest_ip": ""
              }
            ],
            "id": "06c30751-93c9-42ea-81e1-eaa6e540d2b7",
            "ip_address_id": "06c30751-93c9-42ea-81e1-eaa6e540d2b7",
            "managed": false,
            "project": null
          },
          "sensitive_attributes": [],
          "private": "bnVsbA==",
          "dependencies": [
            "cloudstack_instance.B-DC02",
            "cloudstack_ipaddress.public_ip",
            "cloudstack_network.vlan_network"
          ]
        }
      ]
    },
    {
      "mode": "managed",
      "type": "cloudstack_port_forward",
      "name": "rdpBPC01",
      "provider": "provider[\"registry.terraform.io/cloudstack/cloudstack\"]",
      "instances": [
        {
          "schema_version": 0,
          "attributes": {
            "forward": [
              {
                "private_port": 3389,
                "protocol": "tcp",
                "public_port": 3005,
                "uuid": "3e5c2803-b91a-4c7d-86af-7847a0efc4b3",
                "virtual_machine_id": "1792effd-190c-4463-8500-be79f427a831",
                "vm_guest_ip": ""
              }
            ],
            "id": "06c30751-93c9-42ea-81e1-eaa6e540d2b7",
            "ip_address_id": "06c30751-93c9-42ea-81e1-eaa6e540d2b7",
            "managed": false,
            "project": null
          },
          "sensitive_attributes": [],
          "private": "bnVsbA==",
          "dependencies": [
            "cloudstack_instance.B-PC01",
            "cloudstack_ipaddress.public_ip",
            "cloudstack_network.vlan_network"
          ]
        }
      ]
    },
    {
      "mode": "managed",
      "type": "cloudstack_port_forward",
      "name": "rdpHBDC01",
      "provider": "provider[\"registry.terraform.io/cloudstack/cloudstack\"]",
      "instances": [
        {
          "schema_version": 0,
          "attributes": {
            "forward": [
              {
                "private_port": 3389,
                "protocol": "tcp",
                "public_port": 3004,
                "uuid": "963070bb-6989-443f-a110-d433909f6bbb",
                "virtual_machine_id": "4745ce54-6bc3-4135-8807-8df6d7c1bb77",
                "vm_guest_ip": ""
              }
            ],
            "id": "06c30751-93c9-42ea-81e1-eaa6e540d2b7",
            "ip_address_id": "06c30751-93c9-42ea-81e1-eaa6e540d2b7",
            "managed": false,
            "project": null
          },
          "sensitive_attributes": [],
          "private": "bnVsbA==",
          "dependencies": [
            "cloudstack_instance.HB-DC01",
            "cloudstack_ipaddress.public_ip",
            "cloudstack_network.vlan_network"
          ]
        }
      ]
    },
    {
      "mode": "managed",
      "type": "cloudstack_port_forward",
      "name": "rdpHBPC01",
      "provider": "provider[\"registry.terraform.io/cloudstack/cloudstack\"]",
      "instances": [
        {
          "schema_version": 0,
          "attributes": {
            "forward": [
              {
                "private_port": 3389,
                "protocol": "tcp",
                "public_port": 3007,
                "uuid": "044ce454-c537-453a-b8fe-c9c427ee7065",
                "virtual_machine_id": "76c427ad-e150-41c7-a315-f958bbc3a4b8",
                "vm_guest_ip": ""
              }
            ],
            "id": "06c30751-93c9-42ea-81e1-eaa6e540d2b7",
            "ip_address_id": "06c30751-93c9-42ea-81e1-eaa6e540d2b7",
            "managed": false,
            "project": null
          },
          "sensitive_attributes": [],
          "private": "bnVsbA==",
          "dependencies": [
            "cloudstack_instance.HB-PC01",
            "cloudstack_ipaddress.public_ip",
            "cloudstack_network.vlan_network"
          ]
        }
      ]
    },
    {
      "mode": "managed",
      "type": "cloudstack_port_forward",
      "name": "rdpRDC01",
      "provider": "provider[\"registry.terraform.io/cloudstack/cloudstack\"]",
      "instances": [
        {
          "schema_version": 0,
          "attributes": {
            "forward": [
              {
                "private_port": 3389,
                "protocol": "tcp",
                "public_port": 3003,
                "uuid": "5cf8b34f-5831-4195-9200-3df1af041a29",
                "virtual_machine_id": "ea27e4f0-16b8-4baf-ba16-c08d87e57b12",
                "vm_guest_ip": ""
              }
            ],
            "id": "06c30751-93c9-42ea-81e1-eaa6e540d2b7",
            "ip_address_id": "06c30751-93c9-42ea-81e1-eaa6e540d2b7",
            "managed": false,
            "project": null
          },
          "sensitive_attributes": [],
          "private": "bnVsbA==",
          "dependencies": [
            "cloudstack_instance.R-DC01",
            "cloudstack_ipaddress.public_ip",
            "cloudstack_network.vlan_network"
          ]
        }
      ]
    },
    {
      "mode": "managed",
      "type": "cloudstack_port_forward",
      "name": "rdpRPC01",
      "provider": "provider[\"registry.terraform.io/cloudstack/cloudstack\"]",
      "instances": [
        {
          "schema_version": 0,
          "attributes": {
            "forward": [
              {
                "private_port": 3389,
                "protocol": "tcp",
                "public_port": 3006,
                "uuid": "396f0fdb-6154-45a7-9d74-6ef044992161",
                "virtual_machine_id": "52bdd361-2617-4510-89c1-a0c57f68c274",
                "vm_guest_ip": ""
              }
            ],
            "id": "06c30751-93c9-42ea-81e1-eaa6e540d2b7",
            "ip_address_id": "06c30751-93c9-42ea-81e1-eaa6e540d2b7",
            "managed": false,
            "project": null
          },
          "sensitive_attributes": [],
          "private": "bnVsbA==",
          "dependencies": [
            "cloudstack_instance.R-PC01",
            "cloudstack_ipaddress.public_ip",
            "cloudstack_network.vlan_network"
          ]
        }
      ]
    }
  ],
  "check_results": null
}
