{
  "version": 4,
  "terraform_version": "1.5.3",
  "serial": 5,
  "lineage": "d3b9b5dd-7e47-5c02-982a-f9241ec6640f",
  "outputs": {
    "network_id": {
      "value": {
        "acl_id": "none",
        "cidr": "10.1.1.0/24",
        "display_text": "VLAN Network for Linux VMs",
        "endip": null,
        "gateway": "10.1.1.1",
        "id": "eb0be71d-b2d9-4ecf-9033-690fece0374c",
        "name": "NetworkTU2",
        "network_domain": "cs158cloud.internal",
        "network_offering": "12d4fc87-3718-40b0-9707-2b53b8555cda",
        "project": "",
        "source_nat_ip": null,
        "source_nat_ip_address": null,
        "source_nat_ip_id": null,
        "startip": null,
        "tags": {},
        "vlan": null,
        "vpc_id": "",
        "zone": "a4848bf1-b2d1-4b39-97e3-72106df81f09"
      },
      "type": [
        "object",
        {
          "acl_id": "string",
          "cidr": "string",
          "display_text": "string",
          "endip": "string",
          "gateway": "string",
          "id": "string",
          "name": "string",
          "network_domain": "string",
          "network_offering": "string",
          "project": "string",
          "source_nat_ip": "bool",
          "source_nat_ip_address": "string",
          "source_nat_ip_id": "string",
          "startip": "string",
          "tags": [
            "map",
            "string"
          ],
          "vlan": "number",
          "vpc_id": "string",
          "zone": "string"
        }
      ]
    },
    "public_ip": {
      "value": "172.31.6.141",
      "type": "string"
    },
    "vm1_id": {
      "value": "b76d9663-dad1-48a5-aa17-8de658eb5457",
      "type": "string"
    }
  },
  "resources": [
    {
      "mode": "managed",
      "type": "cloudstack_egress_firewall",
      "name": "default",
      "provider": "provider[\"registry.terraform.io/cloudstack/cloudstack\"]",
      "instances": [
        {
          "schema_version": 0,
          "attributes": {
            "id": "eb0be71d-b2d9-4ecf-9033-690fece0374c",
            "managed": false,
            "network_id": "eb0be71d-b2d9-4ecf-9033-690fece0374c",
            "parallelism": 2,
            "rule": [
              {
                "cidr_list": [
                  "10.1.1.0/24"
                ],
                "icmp_code": 0,
                "icmp_type": 0,
                "ports": [],
                "protocol": "all",
                "uuids": {
                  "all": "e983af12-1e1d-4cc1-9090-89b24c5d6972"
                }
              }
            ]
          },
          "sensitive_attributes": [],
          "private": "bnVsbA==",
          "dependencies": [
            "cloudstack_network.vlan_network"
          ]
        }
      ]
    },
    {
      "mode": "managed",
      "type": "cloudstack_instance",
      "name": "vm1",
      "provider": "provider[\"registry.terraform.io/cloudstack/cloudstack\"]",
      "instances": [
        {
          "schema_version": 0,
          "attributes": {
            "affinity_group_ids": null,
            "affinity_group_names": null,
            "cluster_id": null,
            "details": null,
            "display_name": "Linux VM 1",
            "expunge": true,
            "group": "",
            "host_id": null,
            "id": "b76d9663-dad1-48a5-aa17-8de658eb5457",
            "ip_address": "10.1.1.100",
            "keypair": null,
            "name": "linux-vm1",
            "network_id": "eb0be71d-b2d9-4ecf-9033-690fece0374c",
            "nicnetworklist": null,
            "pod_id": null,
            "project": "",
            "properties": null,
            "root_disk_size": 20,
            "security_group_ids": null,
            "security_group_names": null,
            "service_offering": "Big Instance",
            "start_vm": true,
            "tags": {},
            "template": "f5295a59-8eb5-4c73-9768-cf67dcf3656b",
            "uefi": false,
            "user_data": "b9ce679ad5258875ed74456d6436582dca1434b4",
            "zone": "a4848bf1-b2d1-4b39-97e3-72106df81f09"
          },
          "sensitive_attributes": [],
          "private": "bnVsbA==",
          "dependencies": [
            "cloudstack_network.vlan_network"
          ]
        }
      ]
    },
    {
      "mode": "managed",
      "type": "cloudstack_ipaddress",
      "name": "public_ip",
      "provider": "provider[\"registry.terraform.io/cloudstack/cloudstack\"]",
      "instances": [
        {
          "schema_version": 0,
          "attributes": {
            "id": "dbe3258b-8f18-4eb4-871a-4e07e945be32",
            "ip_address": "172.31.6.141",
            "is_portable": false,
            "is_source_nat": true,
            "network_id": "eb0be71d-b2d9-4ecf-9033-690fece0374c",
            "project": "",
            "tags": {},
            "vpc_id": null,
            "zone": null
          },
          "sensitive_attributes": [],
          "private": "bnVsbA==",
          "dependencies": [
            "cloudstack_network.vlan_network"
          ]
        }
      ]
    },
    {
      "mode": "managed",
      "type": "cloudstack_network",
      "name": "vlan_network",
      "provider": "provider[\"registry.terraform.io/cloudstack/cloudstack\"]",
      "instances": [
        {
          "schema_version": 0,
          "attributes": {
            "acl_id": "none",
            "cidr": "10.1.1.0/24",
            "display_text": "VLAN Network for Linux VMs",
            "endip": null,
            "gateway": "10.1.1.1",
            "id": "eb0be71d-b2d9-4ecf-9033-690fece0374c",
            "name": "NetworkTU2",
            "network_domain": "cs158cloud.internal",
            "network_offering": "12d4fc87-3718-40b0-9707-2b53b8555cda",
            "project": "",
            "source_nat_ip": null,
            "source_nat_ip_address": null,
            "source_nat_ip_id": null,
            "startip": null,
            "tags": {},
            "vlan": null,
            "vpc_id": "",
            "zone": "a4848bf1-b2d1-4b39-97e3-72106df81f09"
          },
          "sensitive_attributes": [],
          "private": "bnVsbA=="
        }
      ]
    }
  ],
  "check_results": null
}
