{
  "version": 4,
  "terraform_version": "1.9.8",
  "serial": 6,
  "lineage": "5cdd1aea-a00c-c2f9-9fbd-f4fc9c109fb9",
  "outputs": {},
  "resources": [
    {
      "mode": "managed",
      "type": "cloudstack_network",
      "name": "FISI24X_Team1_Network",
      "provider": "provider[\"registry.terraform.io/cloudstack/cloudstack\"]",
      "instances": [
        {
          "schema_version": 0,
          "attributes": {
            "acl_id": "none",
            "cidr": "10.1.1.0/24",
            "display_text": "NW_FISI24X_Team1_TF",
            "endip": null,
            "gateway": "10.1.1.1",
            "id": "98e02ee8-4ca8-4244-bea3-dfe8e415835a",
            "name": "NW_FISI24X_Team1_TF",
            "network_domain": "cs3acloud.internal",
            "network_offering": "DefaultIsolatedNetworkOfferingWithSourceNatService",
            "project": "46a73fd5-a767-4244-a2bd-6253e655609d",
            "source_nat_ip": null,
            "source_nat_ip_id": null,
            "startip": null,
            "tags": {},
            "vlan": null,
            "vpc_id": "",
            "zone": "Multi Media Berufsbildende Schulen"
          },
          "sensitive_attributes": []
        }
      ]
    }
  ],
  "check_results": null
}
