{
  "version": 4,
  "terraform_version": "1.9.8",
  "serial": 4,
  "lineage": "fc6cbb1b-22b5-6fdf-8156-5bdf0872c2db",
  "outputs": {
    "FISI24X_Team1_DC_Instances": {
      "value": "21212f13-df1f-4201-8df5-713f33805986",
      "type": "string"
    },
    "FISI24X_Team1_PC_Instances": {
      "value": "066e9e36-a7c4-425a-a3b9-ed94cd25735b",
      "type": "string"
    }
  },
  "resources": [
    {
      "mode": "managed",
      "type": "cloudstack_instance",
      "name": "DC",
      "provider": "provider[\"registry.terraform.io/cloudstack/cloudstack\"]",
      "instances": [
        {
          "schema_version": 0,
          "attributes": {
            "affinity_group_ids": null,
            "affinity_group_names": null,
            "details": null,
            "display_name": "FISI24A-ZI-PS-Test-B-DC01-TF",
            "expunge": true,
            "group": "",
            "id": "21212f13-df1f-4201-8df5-713f33805986",
            "ip_address": "10.1.0.225",
            "keypair": null,
            "name": "FISI24A-ZI-PS-Test-B-DC01-TF",
            "network_id": "ece50ef2-cdfb-4289-b0da-b796cc1ab6a4",
            "project": "82661980-7262-4af2-afe7-01f17c4817f6",
            "root_disk_size": null,
            "security_group_ids": null,
            "security_group_names": null,
            "service_offering": "Big Instance",
            "start_vm": true,
            "tags": {},
            "template": "f355eae1-9af1-4ec5-94b5-f06c7e109782",
            "user_data": null,
            "zone": "Multi Media Berufsbildende Schulen"
          },
          "sensitive_attributes": [],
          "private": "bnVsbA==",
          "dependencies": [
            "cloudstack_network.project_networks"
          ]
        }
      ]
    },
    {
      "mode": "managed",
      "type": "cloudstack_instance",
      "name": "PC",
      "provider": "provider[\"registry.terraform.io/cloudstack/cloudstack\"]",
      "instances": [
        {
          "schema_version": 0,
          "attributes": {
            "affinity_group_ids": null,
            "affinity_group_names": null,
            "details": null,
            "display_name": "FISI24A-ZI-PS-Test-B-PC01-TF",
            "expunge": true,
            "group": "",
            "id": "066e9e36-a7c4-425a-a3b9-ed94cd25735b",
            "ip_address": "10.1.0.159",
            "keypair": null,
            "name": "FISI24A-ZI-PS-Test-B-PC01-TF",
            "network_id": "ece50ef2-cdfb-4289-b0da-b796cc1ab6a4",
            "project": "82661980-7262-4af2-afe7-01f17c4817f6",
            "root_disk_size": null,
            "security_group_ids": null,
            "security_group_names": null,
            "service_offering": "Big Instance",
            "start_vm": true,
            "tags": {},
            "template": "a06887cf-ebbd-44e5-8fd9-88795df535ab",
            "user_data": null,
            "zone": "Multi Media Berufsbildende Schulen"
          },
          "sensitive_attributes": [],
          "private": "bnVsbA==",
          "dependencies": [
            "cloudstack_network.project_networks"
          ]
        }
      ]
    },
    {
      "mode": "managed",
      "type": "cloudstack_network",
      "name": "project_networks",
      "provider": "provider[\"registry.terraform.io/cloudstack/cloudstack\"]",
      "instances": [
        {
          "schema_version": 0,
          "attributes": {
            "acl_id": "none",
            "cidr": "10.1.0.0/24",
            "display_text": "NW-FISI24A-ZI-PS-Test-TF",
            "endip": null,
            "gateway": "10.1.0.1",
            "id": "ece50ef2-cdfb-4289-b0da-b796cc1ab6a4",
            "name": "NW-FISI24A-ZI-PS-Test-TF",
            "network_domain": "csdacloud.internal",
            "network_offering": "DefaultIsolatedNetworkOfferingWithSourceNatService",
            "project": "82661980-7262-4af2-afe7-01f17c4817f6",
            "source_nat_ip": null,
            "source_nat_ip_id": null,
            "startip": null,
            "tags": {},
            "vlan": null,
            "vpc_id": "",
            "zone": "Multi Media Berufsbildende Schulen"
          },
          "sensitive_attributes": [],
          "private": "bnVsbA=="
        }
      ]
    }
  ],
  "check_results": null
}
