{
  "version": 4,
  "terraform_version": "1.9.8",
  "serial": 23,
  "lineage": "5cdd1aea-a00c-c2f9-9fbd-f4fc9c109fb9",
  "outputs": {},
  "resources": [
    {
      "mode": "managed",
      "type": "cloudstack_instance",
      "name": "B-PC",
      "provider": "provider[\"registry.terraform.io/cloudstack/cloudstack\"]",
      "instances": [
        {
          "index_key": "HB-PC01",
          "schema_version": 0,
          "attributes": {
            "affinity_group_ids": null,
            "affinity_group_names": null,
            "details": null,
            "display_name": "FISI24X-Team1-HB-PC01-TF",
            "expunge": false,
            "group": "",
            "id": "ff3591a3-1877-4006-8dc5-5e16f9ecee07",
            "ip_address": "10.1.1.24",
            "keypair": null,
            "name": "FISI24X-Team1-HB-PC01-TF",
            "network_id": "98e02ee8-4ca8-4244-bea3-dfe8e415835a",
            "project": "46a73fd5-a767-4244-a2bd-6253e655609d",
            "root_disk_size": null,
            "security_group_ids": null,
            "security_group_names": null,
            "service_offering": "Big Instance",
            "start_vm": true,
            "tags": {},
            "template": "a06887cf-ebbd-44e5-8fd9-88795df535ab",
            "user_data": null,
            "zone": "Multi Media Berufsbildende Schulen"
          },
          "sensitive_attributes": [],
          "private": "bnVsbA==",
          "dependencies": [
            "cloudstack_network.FISI24X_Team1_Network"
          ]
        }
      ]
    },
    {
      "mode": "managed",
      "type": "cloudstack_network",
      "name": "FISI24X_Team1_Network",
      "provider": "provider[\"registry.terraform.io/cloudstack/cloudstack\"]",
      "instances": [
        {
          "schema_version": 0,
          "attributes": {
            "acl_id": "none",
            "cidr": "10.1.1.0/24",
            "display_text": "NW_FISI24X_Team1_TF",
            "endip": null,
            "gateway": "10.1.1.1",
            "id": "98e02ee8-4ca8-4244-bea3-dfe8e415835a",
            "name": "NW_FISI24X_Team1_TF",
            "network_domain": "cs3acloud.internal",
            "network_offering": "DefaultIsolatedNetworkOfferingWithSourceNatService",
            "project": "46a73fd5-a767-4244-a2bd-6253e655609d",
            "source_nat_ip": null,
            "source_nat_ip_id": null,
            "startip": null,
            "tags": {},
            "vlan": null,
            "vpc_id": "",
            "zone": "Multi Media Berufsbildende Schulen"
          },
          "sensitive_attributes": []
        }
      ]
    }
  ],
  "check_results": null
}
