{
  "version": 4,
  "terraform_version": "1.9.8",
  "serial": 8,
  "lineage": "bf76a80a-0091-86b4-294c-7bc83b22b89e",
  "outputs": {
    "network_id": {
      "value": [
        {
          "acl_id": "none",
          "cidr": "10.100.1.0/24",
          "display_text": "Layer 3 Netzwerk für Windwos Projekt",
          "endip": null,
          "gateway": "10.100.1.1",
          "id": "5ae9d43c-48b5-45b5-b768-9165bd203615",
          "name": "FISI22Inw1",
          "network_domain": "cs15cloud.internal",
          "network_offering": "12d4fc87-3718-40b0-9707-2b53b8555cda",
          "project": "",
          "source_nat_ip": null,
          "source_nat_ip_address": null,
          "source_nat_ip_id": null,
          "startip": null,
          "tags": {},
          "vlan": null,
          "vpc_id": "",
          "zone": "a4848bf1-b2d1-4b39-97e3-72106df81f09"
        },
        {
          "acl_id": "none",
          "cidr": "10.100.2.0/24",
          "display_text": "Layer 3 Netzwerk für Windwos Projekt",
          "endip": null,
          "gateway": "10.100.2.1",
          "id": "0bb82e5e-c286-429b-b557-4f9bb27153b0",
          "name": "FISI22Inw2",
          "network_domain": "cs15cloud.internal",
          "network_offering": "12d4fc87-3718-40b0-9707-2b53b8555cda",
          "project": "",
          "source_nat_ip": null,
          "source_nat_ip_address": null,
          "source_nat_ip_id": null,
          "startip": null,
          "tags": {},
          "vlan": null,
          "vpc_id": "",
          "zone": "a4848bf1-b2d1-4b39-97e3-72106df81f09"
        }
      ],
      "type": [
        "tuple",
        [
          [
            "object",
            {
              "acl_id": "string",
              "cidr": "string",
              "display_text": "string",
              "endip": "string",
              "gateway": "string",
              "id": "string",
              "name": "string",
              "network_domain": "string",
              "network_offering": "string",
              "project": "string",
              "source_nat_ip": "bool",
              "source_nat_ip_address": "string",
              "source_nat_ip_id": "string",
              "startip": "string",
              "tags": [
                "map",
                "string"
              ],
              "vlan": "number",
              "vpc_id": "string",
              "zone": "string"
            }
          ],
          [
            "object",
            {
              "acl_id": "string",
              "cidr": "string",
              "display_text": "string",
              "endip": "string",
              "gateway": "string",
              "id": "string",
              "name": "string",
              "network_domain": "string",
              "network_offering": "string",
              "project": "string",
              "source_nat_ip": "bool",
              "source_nat_ip_address": "string",
              "source_nat_ip_id": "string",
              "startip": "string",
              "tags": [
                "map",
                "string"
              ],
              "vlan": "number",
              "vpc_id": "string",
              "zone": "string"
            }
          ]
        ]
      ]
    }
  },
  "resources": [
    {
      "mode": "managed",
      "type": "cloudstack_egress_firewall",
      "name": "default",
      "provider": "provider[\"registry.terraform.io/cloudstack/cloudstack\"]",
      "instances": [
        {
          "index_key": 0,
          "schema_version": 0,
          "attributes": {
            "id": "5ae9d43c-48b5-45b5-b768-9165bd203615",
            "managed": false,
            "network_id": "5ae9d43c-48b5-45b5-b768-9165bd203615",
            "parallelism": 2,
            "rule": [
              {
                "cidr_list": [
                  "10.100.1.0/24"
                ],
                "icmp_code": 0,
                "icmp_type": 0,
                "ports": [],
                "protocol": "all",
                "uuids": {
                  "all": "1f2c762e-9bcb-4361-b3c3-c511cdda6686"
                }
              }
            ]
          },
          "sensitive_attributes": [],
          "dependencies": [
            "cloudstack_network.vlan_network"
          ]
        },
        {
          "index_key": 1,
          "schema_version": 0,
          "attributes": {
            "id": "0bb82e5e-c286-429b-b557-4f9bb27153b0",
            "managed": false,
            "network_id": "0bb82e5e-c286-429b-b557-4f9bb27153b0",
            "parallelism": 2,
            "rule": [
              {
                "cidr_list": [
                  "10.100.2.0/24"
                ],
                "icmp_code": 0,
                "icmp_type": 0,
                "ports": [],
                "protocol": "all",
                "uuids": {
                  "all": "73aa046f-2fbe-428e-acd7-e9a92471a791"
                }
              }
            ]
          },
          "sensitive_attributes": [],
          "private": "bnVsbA==",
          "dependencies": [
            "cloudstack_network.vlan_network"
          ]
        }
      ]
    },
    {
      "mode": "managed",
      "type": "cloudstack_ipaddress",
      "name": "public_ip",
      "provider": "provider[\"registry.terraform.io/cloudstack/cloudstack\"]",
      "instances": [
        {
          "index_key": 0,
          "schema_version": 0,
          "attributes": {
            "id": "dbe3258b-8f18-4eb4-871a-4e07e945be32",
            "ip_address": "172.31.6.141",
            "is_portable": false,
            "is_source_nat": true,
            "network_id": "5ae9d43c-48b5-45b5-b768-9165bd203615",
            "project": "",
            "tags": {},
            "vpc_id": null,
            "zone": null
          },
          "sensitive_attributes": [],
          "dependencies": [
            "cloudstack_network.vlan_network"
          ]
        },
        {
          "index_key": 1,
          "schema_version": 0,
          "attributes": {
            "id": "45540c8c-4533-497e-899a-dba76b25ffff",
            "ip_address": "172.31.6.138",
            "is_portable": false,
            "is_source_nat": true,
            "network_id": "0bb82e5e-c286-429b-b557-4f9bb27153b0",
            "project": "",
            "tags": {},
            "vpc_id": null,
            "zone": null
          },
          "sensitive_attributes": [],
          "private": "bnVsbA==",
          "dependencies": [
            "cloudstack_network.vlan_network"
          ]
        }
      ]
    },
    {
      "mode": "managed",
      "type": "cloudstack_network",
      "name": "vlan_network",
      "provider": "provider[\"registry.terraform.io/cloudstack/cloudstack\"]",
      "instances": [
        {
          "index_key": 0,
          "schema_version": 0,
          "attributes": {
            "acl_id": "none",
            "cidr": "10.100.1.0/24",
            "display_text": "Layer 3 Netzwerk für Windwos Projekt",
            "endip": null,
            "gateway": "10.100.1.1",
            "id": "5ae9d43c-48b5-45b5-b768-9165bd203615",
            "name": "FISI22Inw1",
            "network_domain": "cs15cloud.internal",
            "network_offering": "12d4fc87-3718-40b0-9707-2b53b8555cda",
            "project": "",
            "source_nat_ip": null,
            "source_nat_ip_address": null,
            "source_nat_ip_id": null,
            "startip": null,
            "tags": {},
            "vlan": null,
            "vpc_id": "",
            "zone": "a4848bf1-b2d1-4b39-97e3-72106df81f09"
          },
          "sensitive_attributes": []
        },
        {
          "index_key": 1,
          "schema_version": 0,
          "attributes": {
            "acl_id": "none",
            "cidr": "10.100.2.0/24",
            "display_text": "Layer 3 Netzwerk für Windwos Projekt",
            "endip": null,
            "gateway": "10.100.2.1",
            "id": "0bb82e5e-c286-429b-b557-4f9bb27153b0",
            "name": "FISI22Inw2",
            "network_domain": "cs15cloud.internal",
            "network_offering": "12d4fc87-3718-40b0-9707-2b53b8555cda",
            "project": "",
            "source_nat_ip": null,
            "source_nat_ip_address": null,
            "source_nat_ip_id": null,
            "startip": null,
            "tags": {},
            "vlan": null,
            "vpc_id": "",
            "zone": "a4848bf1-b2d1-4b39-97e3-72106df81f09"
          },
          "sensitive_attributes": [],
          "private": "bnVsbA=="
        }
      ]
    }
  ],
  "check_results": null
}
