{
  "version": 4,
  "terraform_version": "1.9.8",
  "serial": 67,
  "lineage": "5cdd1aea-a00c-c2f9-9fbd-f4fc9c109fb9",
  "outputs": {
    "FISI24X_Team1_DC_Instances": {
      "value": {
        "B-DC01": "a47f78df-7efc-496b-8e34-43520bea1f3b",
        "B-DC02": "53c357bd-da05-445c-a1c8-b2490897390f",
        "HB-DC01": "2e7d3066-0bb6-4626-b4bc-c7fbd11a5f4d",
        "R-DC01": "cc99b6c4-cc85-42d3-8db7-0d290f9ca537"
      },
      "type": [
        "object",
        {
          "B-DC01": "string",
          "B-DC02": "string",
          "HB-DC01": "string",
          "R-DC01": "string"
        }
      ]
    },
    "FISI24X_Team1_PC_Instances": {
      "value": {
        "B-PC01": "8fb5e3a1-dfd4-494a-b65a-d50b224f1a2b",
        "HB-PC01": "4bf323b0-0000-4bff-b544-dd40bd0316d4",
        "R-PC01": "4e59bdb3-34f5-451e-8df6-9b678280688e"
      },
      "type": [
        "object",
        {
          "B-PC01": "string",
          "HB-PC01": "string",
          "R-PC01": "string"
        }
      ]
    }
  },
  "resources": [
    {
      "mode": "managed",
      "type": "cloudstack_instance",
      "name": "DC",
      "provider": "provider[\"registry.terraform.io/cloudstack/cloudstack\"]",
      "instances": [
        {
          "index_key": "B-DC01",
          "schema_version": 0,
          "attributes": {
            "affinity_group_ids": null,
            "affinity_group_names": null,
            "details": null,
            "display_name": "FISI24X-Team1-B-DC01-TF",
            "expunge": true,
            "group": "",
            "id": "a47f78df-7efc-496b-8e34-43520bea1f3b",
            "ip_address": "10.1.1.158",
            "keypair": null,
            "name": "FISI24X-Team1-B-DC01-TF",
            "network_id": "98e02ee8-4ca8-4244-bea3-dfe8e415835a",
            "project": "46a73fd5-a767-4244-a2bd-6253e655609d",
            "root_disk_size": null,
            "security_group_ids": null,
            "security_group_names": null,
            "service_offering": "Big Instance",
            "start_vm": true,
            "tags": {},
            "template": "f355eae1-9af1-4ec5-94b5-f06c7e109782",
            "user_data": null,
            "zone": "Multi Media Berufsbildende Schulen"
          },
          "sensitive_attributes": [],
          "private": "bnVsbA==",
          "dependencies": [
            "cloudstack_network.FISI24X_Team1_Network"
          ]
        },
        {
          "index_key": "B-DC02",
          "schema_version": 0,
          "attributes": {
            "affinity_group_ids": null,
            "affinity_group_names": null,
            "details": null,
            "display_name": "FISI24X-Team1-B-DC02-TF",
            "expunge": true,
            "group": "",
            "id": "53c357bd-da05-445c-a1c8-b2490897390f",
            "ip_address": "10.1.1.137",
            "keypair": null,
            "name": "FISI24X-Team1-B-DC02-TF",
            "network_id": "98e02ee8-4ca8-4244-bea3-dfe8e415835a",
            "project": "46a73fd5-a767-4244-a2bd-6253e655609d",
            "root_disk_size": null,
            "security_group_ids": null,
            "security_group_names": null,
            "service_offering": "Big Instance",
            "start_vm": true,
            "tags": {},
            "template": "f355eae1-9af1-4ec5-94b5-f06c7e109782",
            "user_data": null,
            "zone": "Multi Media Berufsbildende Schulen"
          },
          "sensitive_attributes": [],
          "private": "bnVsbA==",
          "dependencies": [
            "cloudstack_network.FISI24X_Team1_Network"
          ]
        },
        {
          "index_key": "HB-DC01",
          "schema_version": 0,
          "attributes": {
            "affinity_group_ids": null,
            "affinity_group_names": null,
            "details": null,
            "display_name": "FISI24X-Team1-HB-DC01-TF",
            "expunge": true,
            "group": "",
            "id": "2e7d3066-0bb6-4626-b4bc-c7fbd11a5f4d",
            "ip_address": "10.1.1.83",
            "keypair": null,
            "name": "FISI24X-Team1-HB-DC01-TF",
            "network_id": "98e02ee8-4ca8-4244-bea3-dfe8e415835a",
            "project": "46a73fd5-a767-4244-a2bd-6253e655609d",
            "root_disk_size": null,
            "security_group_ids": null,
            "security_group_names": null,
            "service_offering": "Big Instance",
            "start_vm": true,
            "tags": {},
            "template": "f355eae1-9af1-4ec5-94b5-f06c7e109782",
            "user_data": null,
            "zone": "Multi Media Berufsbildende Schulen"
          },
          "sensitive_attributes": [],
          "private": "bnVsbA==",
          "dependencies": [
            "cloudstack_network.FISI24X_Team1_Network"
          ]
        },
        {
          "index_key": "R-DC01",
          "schema_version": 0,
          "attributes": {
            "affinity_group_ids": null,
            "affinity_group_names": null,
            "details": null,
            "display_name": "FISI24X-Team1-R-DC01-TF",
            "expunge": true,
            "group": "",
            "id": "cc99b6c4-cc85-42d3-8db7-0d290f9ca537",
            "ip_address": "10.1.1.31",
            "keypair": null,
            "name": "FISI24X-Team1-R-DC01-TF",
            "network_id": "98e02ee8-4ca8-4244-bea3-dfe8e415835a",
            "project": "46a73fd5-a767-4244-a2bd-6253e655609d",
            "root_disk_size": null,
            "security_group_ids": null,
            "security_group_names": null,
            "service_offering": "Big Instance",
            "start_vm": true,
            "tags": {},
            "template": "f355eae1-9af1-4ec5-94b5-f06c7e109782",
            "user_data": null,
            "zone": "Multi Media Berufsbildende Schulen"
          },
          "sensitive_attributes": [],
          "private": "bnVsbA==",
          "dependencies": [
            "cloudstack_network.FISI24X_Team1_Network"
          ]
        }
      ]
    },
    {
      "mode": "managed",
      "type": "cloudstack_instance",
      "name": "PC",
      "provider": "provider[\"registry.terraform.io/cloudstack/cloudstack\"]",
      "instances": [
        {
          "index_key": "B-PC01",
          "schema_version": 0,
          "attributes": {
            "affinity_group_ids": null,
            "affinity_group_names": null,
            "details": null,
            "display_name": "FISI24X-Team1-B-PC01-TF",
            "expunge": true,
            "group": "",
            "id": "8fb5e3a1-dfd4-494a-b65a-d50b224f1a2b",
            "ip_address": "10.1.1.93",
            "keypair": null,
            "name": "FISI24X-Team1-B-PC01-TF",
            "network_id": "98e02ee8-4ca8-4244-bea3-dfe8e415835a",
            "project": "46a73fd5-a767-4244-a2bd-6253e655609d",
            "root_disk_size": null,
            "security_group_ids": null,
            "security_group_names": null,
            "service_offering": "Big Instance",
            "start_vm": true,
            "tags": {},
            "template": "a06887cf-ebbd-44e5-8fd9-88795df535ab",
            "user_data": null,
            "zone": "Multi Media Berufsbildende Schulen"
          },
          "sensitive_attributes": [],
          "private": "bnVsbA==",
          "dependencies": [
            "cloudstack_network.FISI24X_Team1_Network"
          ]
        },
        {
          "index_key": "HB-PC01",
          "schema_version": 0,
          "attributes": {
            "affinity_group_ids": null,
            "affinity_group_names": null,
            "details": null,
            "display_name": "FISI24X-Team1-HB-PC01-TF",
            "expunge": true,
            "group": "",
            "id": "4bf323b0-0000-4bff-b544-dd40bd0316d4",
            "ip_address": "10.1.1.49",
            "keypair": null,
            "name": "FISI24X-Team1-HB-PC01-TF",
            "network_id": "98e02ee8-4ca8-4244-bea3-dfe8e415835a",
            "project": "46a73fd5-a767-4244-a2bd-6253e655609d",
            "root_disk_size": null,
            "security_group_ids": null,
            "security_group_names": null,
            "service_offering": "Big Instance",
            "start_vm": true,
            "tags": {},
            "template": "a06887cf-ebbd-44e5-8fd9-88795df535ab",
            "user_data": null,
            "zone": "Multi Media Berufsbildende Schulen"
          },
          "sensitive_attributes": [],
          "private": "bnVsbA==",
          "dependencies": [
            "cloudstack_network.FISI24X_Team1_Network"
          ]
        },
        {
          "index_key": "R-PC01",
          "schema_version": 0,
          "attributes": {
            "affinity_group_ids": null,
            "affinity_group_names": null,
            "details": null,
            "display_name": "FISI24X-Team1-R-PC01-TF",
            "expunge": true,
            "group": "",
            "id": "4e59bdb3-34f5-451e-8df6-9b678280688e",
            "ip_address": "10.1.1.58",
            "keypair": null,
            "name": "FISI24X-Team1-R-PC01-TF",
            "network_id": "98e02ee8-4ca8-4244-bea3-dfe8e415835a",
            "project": "46a73fd5-a767-4244-a2bd-6253e655609d",
            "root_disk_size": null,
            "security_group_ids": null,
            "security_group_names": null,
            "service_offering": "Big Instance",
            "start_vm": true,
            "tags": {},
            "template": "a06887cf-ebbd-44e5-8fd9-88795df535ab",
            "user_data": null,
            "zone": "Multi Media Berufsbildende Schulen"
          },
          "sensitive_attributes": [],
          "private": "bnVsbA==",
          "dependencies": [
            "cloudstack_network.FISI24X_Team1_Network"
          ]
        }
      ]
    },
    {
      "mode": "managed",
      "type": "cloudstack_network",
      "name": "FISI24X_Team1_Network",
      "provider": "provider[\"registry.terraform.io/cloudstack/cloudstack\"]",
      "instances": [
        {
          "schema_version": 0,
          "attributes": {
            "acl_id": "none",
            "cidr": "10.1.1.0/24",
            "display_text": "NW_FISI24X_Team1_TF",
            "endip": null,
            "gateway": "10.1.1.1",
            "id": "98e02ee8-4ca8-4244-bea3-dfe8e415835a",
            "name": "NW_FISI24X_Team1_TF",
            "network_domain": "cs3acloud.internal",
            "network_offering": "DefaultIsolatedNetworkOfferingWithSourceNatService",
            "project": "46a73fd5-a767-4244-a2bd-6253e655609d",
            "source_nat_ip": null,
            "source_nat_ip_id": null,
            "startip": null,
            "tags": {},
            "vlan": null,
            "vpc_id": "",
            "zone": "Multi Media Berufsbildende Schulen"
          },
          "sensitive_attributes": []
        }
      ]
    }
  ],
  "check_results": null
}
